
Microsoft Visual Studio Solution File, Format Version 12.00
# Visual Studio Version 17
VisualStudioVersion = 17.14.36429.23
MinimumVisualStudioVersion = 10.0.40219.1
Project("{FAE04EC0-301F-11D3-BF4B-00C04F79EFBC}") = "MessManagement", "MessManagement\MessManagement.csproj", "{093FB93D-DAEC-4A42-8C13-F9F4570063D4}"
EndProject
Project("{2150E333-8FDC-42A3-9474-1A3956D46DE8}") = "Presentation", "Presentation", "{02EA681E-C7D8-13C7-8484-4AC65E1B71E8}"
EndProject
Project("{2150E333-8FDC-42A3-9474-1A3956D46DE8}") = "Api", "Api", "{F3F085DA-CC4E-43DF-B43A-7BEB60646791}"
EndProject
Project("{FAE04EC0-301F-11D3-BF4B-00C04F79EFBC}") = "MessApi", "MessApi\MessApi.csproj", "{4893FDE1-FA3C-44E7-99F8-EF10CA1D29F6}"
EndProject
Project("{FAE04EC0-301F-11D3-BF4B-00C04F79EFBC}") = "MessManagement.Shared", "MessManagement.Shared\MessManagement.Shared.csproj", "{D4B6F78B-7B08-4245-8F42-FA468F1A62FD}"
EndProject
Project("{2150E333-8FDC-42A3-9474-1A3956D46DE8}") = "Shared", "Shared", "{7FD455F0-F7FB-473E-8EE1-2DEA486D2CD1}"
EndProject
Global
	GlobalSection(SolutionConfigurationPlatforms) = preSolution
		Debug|Any CPU = Debug|Any CPU
		Release|Any CPU = Release|Any CPU
	EndGlobalSection
	GlobalSection(ProjectConfigurationPlatforms) = postSolution
		{093FB93D-DAEC-4A42-8C13-F9F4570063D4}.Debug|Any CPU.ActiveCfg = Debug|Any CPU
		{093FB93D-DAEC-4A42-8C13-F9F4570063D4}.Debug|Any CPU.Build.0 = Debug|Any CPU
		{093FB93D-DAEC-4A42-8C13-F9F4570063D4}.Debug|Any CPU.Deploy.0 = Debug|Any CPU
		{093FB93D-DAEC-4A42-8C13-F9F4570063D4}.Release|Any CPU.ActiveCfg = Release|Any CPU
		{093FB93D-DAEC-4A42-8C13-F9F4570063D4}.Release|Any CPU.Build.0 = Release|Any CPU
		{4893FDE1-FA3C-44E7-99F8-EF10CA1D29F6}.Debug|Any CPU.ActiveCfg = Debug|Any CPU
		{4893FDE1-FA3C-44E7-99F8-EF10CA1D29F6}.Debug|Any CPU.Build.0 = Debug|Any CPU
		{4893FDE1-FA3C-44E7-99F8-EF10CA1D29F6}.Release|Any CPU.ActiveCfg = Release|Any CPU
		{4893FDE1-FA3C-44E7-99F8-EF10CA1D29F6}.Release|Any CPU.Build.0 = Release|Any CPU
		{D4B6F78B-7B08-4245-8F42-FA468F1A62FD}.Debug|Any CPU.ActiveCfg = Debug|Any CPU
		{D4B6F78B-7B08-4245-8F42-FA468F1A62FD}.Debug|Any CPU.Build.0 = Debug|Any CPU
		{D4B6F78B-7B08-4245-8F42-FA468F1A62FD}.Release|Any CPU.ActiveCfg = Release|Any CPU
		{D4B6F78B-7B08-4245-8F42-FA468F1A62FD}.Release|Any CPU.Build.0 = Release|Any CPU
	EndGlobalSection
	GlobalSection(SolutionProperties) = preSolution
		HideSolutionNode = FALSE
	EndGlobalSection
	GlobalSection(NestedProjects) = preSolution
		{093FB93D-DAEC-4A42-8C13-F9F4570063D4} = {02EA681E-C7D8-13C7-8484-4AC65E1B71E8}
		{4893FDE1-FA3C-44E7-99F8-EF10CA1D29F6} = {F3F085DA-CC4E-43DF-B43A-7BEB60646791}
		{D4B6F78B-7B08-4245-8F42-FA468F1A62FD} = {7FD455F0-F7FB-473E-8EE1-2DEA486D2CD1}
	EndGlobalSection
	GlobalSection(ExtensibilityGlobals) = postSolution
		SolutionGuid = {DB13B4E3-5B63-410E-8DBA-7868C2D6BF8A}
	EndGlobalSection
EndGlobal
